
Microsoft Visual Studio Solution File, Format Version 12.00
# Visual Studio 14
VisualStudioVersion = 14.0.25420.1
MinimumVisualStudioVersion = 10.0.40219.1
Project("{2150E333-8FDC-42A3-9474-1A3956D46DE8}") = "src", "src", "{7720C257-E8EC-45F0-A690-0DF1AA135EC8}"
EndProject
Project("{2150E333-8FDC-42A3-9474-1A3956D46DE8}") = "Solution Items", "Solution Items", "{4200C758-A4B0-4BC5-B237-49B101712E01}"
	ProjectSection(SolutionItems) = preProject
		global.json = global.json
	EndProjectSection
EndProject
Project("{8BB2217D-0F2D-49D1-97BC-3654ED321F3B}") = "WindLog", "src\WindLog\WindLog.xproj", "{B98ECAEA-AFF6-484C-B5AD-112B2BE557DE}"
EndProject
Global
	GlobalSection(SolutionConfigurationPlatforms) = preSolution
		Debug|Any CPU = Debug|Any CPU
		Release|Any CPU = Release|Any CPU
	EndGlobalSection
	GlobalSection(ProjectConfigurationPlatforms) = postSolution
		{B98ECAEA-AFF6-484C-B5AD-112B2BE557DE}.Debug|Any CPU.ActiveCfg = Debug|Any CPU
		{B98ECAEA-AFF6-484C-B5AD-112B2BE557DE}.Debug|Any CPU.Build.0 = Debug|Any CPU
		{B98ECAEA-AFF6-484C-B5AD-112B2BE557DE}.Release|Any CPU.ActiveCfg = Release|Any CPU
		{B98ECAEA-AFF6-484C-B5AD-112B2BE557DE}.Release|Any CPU.Build.0 = Release|Any CPU
	EndGlobalSection
	GlobalSection(SolutionProperties) = preSolution
		HideSolutionNode = FALSE
	EndGlobalSection
	GlobalSection(NestedProjects) = preSolution
		{B98ECAEA-AFF6-484C-B5AD-112B2BE557DE} = {7720C257-E8EC-45F0-A690-0DF1AA135EC8}
	EndGlobalSection
EndGlobal
